
Microsoft Visual Studio Solution File, Format Version 12.00
# Visual Studio Version 17
VisualStudioVersion = 17.7.34221.43
MinimumVisualStudioVersion = 10.0.40219.1
Project("{FAE04EC0-301F-11D3-BF4B-00C04F79EFBC}") = "LeetCode", "LeetCode\LeetCode.csproj", "{310DE1B8-2BC4-43B4-BC46-65FF075BCEE8}"
EndProject
Global
	GlobalSection(SolutionConfigurationPlatforms) = preSolution
		Debug|Any CPU = Debug|Any CPU
		Release|Any CPU = Release|Any CPU
	EndGlobalSection
	GlobalSection(ProjectConfigurationPlatforms) = postSolution
		{310DE1B8-2BC4-43B4-BC46-65FF075BCEE8}.Debug|Any CPU.ActiveCfg = Debug|Any CPU
		{310DE1B8-2BC4-43B4-BC46-65FF075BCEE8}.Debug|Any CPU.Build.0 = Debug|Any CPU
		{310DE1B8-2BC4-43B4-BC46-65FF075BCEE8}.Release|Any CPU.ActiveCfg = Release|Any CPU
		{310DE1B8-2BC4-43B4-BC46-65FF075BCEE8}.Release|Any CPU.Build.0 = Release|Any CPU
	EndGlobalSection
	GlobalSection(SolutionProperties) = preSolution
		HideSolutionNode = FALSE
	EndGlobalSection
	GlobalSection(ExtensibilityGlobals) = postSolution
		SolutionGuid = {E82AF2FE-A383-40F6-8BAE-A7F6090FBCA3}
	EndGlobalSection
EndGlobal
